
Microsoft Visual Studio Solution File, Format Version 12.00
# Visual Studio Version 17
VisualStudioVersion = 17.12.35527.113
MinimumVisualStudioVersion = 10.0.40219.1
Project("{2150E333-8FDC-42A3-9474-1A3956D46DE8}") = "src", "src", "{523EAD9E-708E-48B0-BE5A-FD4A1D476564}"
EndProject
Project("{2150E333-8FDC-42A3-9474-1A3956D46DE8}") = "Domain", "Domain", "{24F56B60-2BEF-4AE3-9680-B4E515F33CFA}"
EndProject
Project("{2150E333-8FDC-42A3-9474-1A3956D46DE8}") = "EndPoint", "EndPoint", "{A8C6DDE6-FC75-4DAA-859B-39F3701DB10A}"
EndProject
Project("{2150E333-8FDC-42A3-9474-1A3956D46DE8}") = "Infrastructure", "Infrastructure", "{DD4364A1-C17A-4764-B464-9681A459BB4C}"
EndProject
Project("{2150E333-8FDC-42A3-9474-1A3956D46DE8}") = "Core", "Core", "{4A3A5420-9EC8-40A5-B6B3-4269241F265F}"
EndProject
Project("{2150E333-8FDC-42A3-9474-1A3956D46DE8}") = "Service", "Service", "{EEAC9A41-2F39-4698-B8F1-82AC8F6B0975}"
EndProject
Project("{FAE04EC0-301F-11D3-BF4B-00C04F79EFBC}") = "AppDomainCore", "AppDomainCore\AppDomainCore.csproj", "{4D78C83E-E66A-45C6-BDE5-55C5C6F6EC0C}"
EndProject
Project("{FAE04EC0-301F-11D3-BF4B-00C04F79EFBC}") = "AppDomainService", "AppDomainService\AppDomainService.csproj", "{5B4B4444-B6FE-47A8-A6D3-C6FA0A2E58BE}"
EndProject
Project("{FAE04EC0-301F-11D3-BF4B-00C04F79EFBC}") = "AppDomainAppService", "AppDomainAppService\AppDomainAppService.csproj", "{E4DC41FE-3720-455F-AB5C-0882F4CBF10F}"
EndProject
Project("{FAE04EC0-301F-11D3-BF4B-00C04F79EFBC}") = "AppInfraDataAccessEf", "AppInfraDataAccessEf\AppInfraDataAccessEf.csproj", "{0042FB93-6D11-479A-A321-6BF7F2A27C3E}"
EndProject
Project("{FAE04EC0-301F-11D3-BF4B-00C04F79EFBC}") = "AppInfraDbSqlServer", "AppInfraDbSqlServer\AppInfraDbSqlServer.csproj", "{F6F96726-B8EE-45E5-AEB9-7B75CC0957C5}"
EndProject
Project("{FAE04EC0-301F-11D3-BF4B-00C04F79EFBC}") = "AppInfraDbInMemory", "AppInfraDbInMemory\AppInfraDbInMemory.csproj", "{4983CF6A-8A33-46AE-8019-1E1CC868B15E}"
EndProject
Project("{FAE04EC0-301F-11D3-BF4B-00C04F79EFBC}") = "AppEndPointMvc", "AppEndPointMvc\AppEndPointMvc.csproj", "{BA39750D-F267-4B7E-AE0E-0116813906B4}"
EndProject
Project("{FAE04EC0-301F-11D3-BF4B-00C04F79EFBC}") = "AppEndPointApi", "AppEndPointApi\AppEndPointApi.csproj", "{69EDE711-F7FB-4C34-AC18-F082163E58A5}"
EndProject
Project("{FAE04EC0-301F-11D3-BF4B-00C04F79EFBC}") = "AppEnpointMvc.Identity.UI", "AppEnpointMvc.Identity.UI\AppEnpointMvc.Identity.UI.csproj", "{C628EBEA-EFF0-4735-8A43-EA3001BE173B}"
EndProject
Global
	GlobalSection(SolutionConfigurationPlatforms) = preSolution
		Debug|Any CPU = Debug|Any CPU
		Release|Any CPU = Release|Any CPU
	EndGlobalSection
	GlobalSection(ProjectConfigurationPlatforms) = postSolution
		{4D78C83E-E66A-45C6-BDE5-55C5C6F6EC0C}.Debug|Any CPU.ActiveCfg = Debug|Any CPU
		{4D78C83E-E66A-45C6-BDE5-55C5C6F6EC0C}.Debug|Any CPU.Build.0 = Debug|Any CPU
		{4D78C83E-E66A-45C6-BDE5-55C5C6F6EC0C}.Release|Any CPU.ActiveCfg = Release|Any CPU
		{4D78C83E-E66A-45C6-BDE5-55C5C6F6EC0C}.Release|Any CPU.Build.0 = Release|Any CPU
		{5B4B4444-B6FE-47A8-A6D3-C6FA0A2E58BE}.Debug|Any CPU.ActiveCfg = Debug|Any CPU
		{5B4B4444-B6FE-47A8-A6D3-C6FA0A2E58BE}.Debug|Any CPU.Build.0 = Debug|Any CPU
		{5B4B4444-B6FE-47A8-A6D3-C6FA0A2E58BE}.Release|Any CPU.ActiveCfg = Release|Any CPU
		{5B4B4444-B6FE-47A8-A6D3-C6FA0A2E58BE}.Release|Any CPU.Build.0 = Release|Any CPU
		{E4DC41FE-3720-455F-AB5C-0882F4CBF10F}.Debug|Any CPU.ActiveCfg = Debug|Any CPU
		{E4DC41FE-3720-455F-AB5C-0882F4CBF10F}.Debug|Any CPU.Build.0 = Debug|Any CPU
		{E4DC41FE-3720-455F-AB5C-0882F4CBF10F}.Release|Any CPU.ActiveCfg = Release|Any CPU
		{E4DC41FE-3720-455F-AB5C-0882F4CBF10F}.Release|Any CPU.Build.0 = Release|Any CPU
		{0042FB93-6D11-479A-A321-6BF7F2A27C3E}.Debug|Any CPU.ActiveCfg = Debug|Any CPU
		{0042FB93-6D11-479A-A321-6BF7F2A27C3E}.Debug|Any CPU.Build.0 = Debug|Any CPU
		{0042FB93-6D11-479A-A321-6BF7F2A27C3E}.Release|Any CPU.ActiveCfg = Release|Any CPU
		{0042FB93-6D11-479A-A321-6BF7F2A27C3E}.Release|Any CPU.Build.0 = Release|Any CPU
		{F6F96726-B8EE-45E5-AEB9-7B75CC0957C5}.Debug|Any CPU.ActiveCfg = Debug|Any CPU
		{F6F96726-B8EE-45E5-AEB9-7B75CC0957C5}.Debug|Any CPU.Build.0 = Debug|Any CPU
		{F6F96726-B8EE-45E5-AEB9-7B75CC0957C5}.Release|Any CPU.ActiveCfg = Release|Any CPU
		{F6F96726-B8EE-45E5-AEB9-7B75CC0957C5}.Release|Any CPU.Build.0 = Release|Any CPU
		{4983CF6A-8A33-46AE-8019-1E1CC868B15E}.Debug|Any CPU.ActiveCfg = Debug|Any CPU
		{4983CF6A-8A33-46AE-8019-1E1CC868B15E}.Debug|Any CPU.Build.0 = Debug|Any CPU
		{4983CF6A-8A33-46AE-8019-1E1CC868B15E}.Release|Any CPU.ActiveCfg = Release|Any CPU
		{4983CF6A-8A33-46AE-8019-1E1CC868B15E}.Release|Any CPU.Build.0 = Release|Any CPU
		{BA39750D-F267-4B7E-AE0E-0116813906B4}.Debug|Any CPU.ActiveCfg = Debug|Any CPU
		{BA39750D-F267-4B7E-AE0E-0116813906B4}.Debug|Any CPU.Build.0 = Debug|Any CPU
		{BA39750D-F267-4B7E-AE0E-0116813906B4}.Release|Any CPU.ActiveCfg = Release|Any CPU
		{BA39750D-F267-4B7E-AE0E-0116813906B4}.Release|Any CPU.Build.0 = Release|Any CPU
		{69EDE711-F7FB-4C34-AC18-F082163E58A5}.Debug|Any CPU.ActiveCfg = Debug|Any CPU
		{69EDE711-F7FB-4C34-AC18-F082163E58A5}.Debug|Any CPU.Build.0 = Debug|Any CPU
		{69EDE711-F7FB-4C34-AC18-F082163E58A5}.Release|Any CPU.ActiveCfg = Release|Any CPU
		{69EDE711-F7FB-4C34-AC18-F082163E58A5}.Release|Any CPU.Build.0 = Release|Any CPU
		{C628EBEA-EFF0-4735-8A43-EA3001BE173B}.Debug|Any CPU.ActiveCfg = Debug|Any CPU
		{C628EBEA-EFF0-4735-8A43-EA3001BE173B}.Debug|Any CPU.Build.0 = Debug|Any CPU
		{C628EBEA-EFF0-4735-8A43-EA3001BE173B}.Release|Any CPU.ActiveCfg = Release|Any CPU
		{C628EBEA-EFF0-4735-8A43-EA3001BE173B}.Release|Any CPU.Build.0 = Release|Any CPU
	EndGlobalSection
	GlobalSection(SolutionProperties) = preSolution
		HideSolutionNode = FALSE
	EndGlobalSection
	GlobalSection(NestedProjects) = preSolution
		{24F56B60-2BEF-4AE3-9680-B4E515F33CFA} = {523EAD9E-708E-48B0-BE5A-FD4A1D476564}
		{A8C6DDE6-FC75-4DAA-859B-39F3701DB10A} = {523EAD9E-708E-48B0-BE5A-FD4A1D476564}
		{DD4364A1-C17A-4764-B464-9681A459BB4C} = {523EAD9E-708E-48B0-BE5A-FD4A1D476564}
		{4A3A5420-9EC8-40A5-B6B3-4269241F265F} = {24F56B60-2BEF-4AE3-9680-B4E515F33CFA}
		{EEAC9A41-2F39-4698-B8F1-82AC8F6B0975} = {24F56B60-2BEF-4AE3-9680-B4E515F33CFA}
		{4D78C83E-E66A-45C6-BDE5-55C5C6F6EC0C} = {4A3A5420-9EC8-40A5-B6B3-4269241F265F}
		{5B4B4444-B6FE-47A8-A6D3-C6FA0A2E58BE} = {EEAC9A41-2F39-4698-B8F1-82AC8F6B0975}
		{E4DC41FE-3720-455F-AB5C-0882F4CBF10F} = {EEAC9A41-2F39-4698-B8F1-82AC8F6B0975}
		{0042FB93-6D11-479A-A321-6BF7F2A27C3E} = {DD4364A1-C17A-4764-B464-9681A459BB4C}
		{F6F96726-B8EE-45E5-AEB9-7B75CC0957C5} = {DD4364A1-C17A-4764-B464-9681A459BB4C}
		{4983CF6A-8A33-46AE-8019-1E1CC868B15E} = {DD4364A1-C17A-4764-B464-9681A459BB4C}
		{BA39750D-F267-4B7E-AE0E-0116813906B4} = {A8C6DDE6-FC75-4DAA-859B-39F3701DB10A}
		{69EDE711-F7FB-4C34-AC18-F082163E58A5} = {A8C6DDE6-FC75-4DAA-859B-39F3701DB10A}
		{C628EBEA-EFF0-4735-8A43-EA3001BE173B} = {A8C6DDE6-FC75-4DAA-859B-39F3701DB10A}
	EndGlobalSection
EndGlobal
